{
  "version": "4",
  "specifiers": {
    "jsr:@std/cli@^1.0.11": "1.0.11",
    "npm:@babel/generator@^7.26.5": "7.26.5",
    "npm:@babel/parser@^7.26.7": "7.26.7",
    "npm:@babel/traverse@^7.26.7": "7.26.7",
    "npm:@babel/types@^7.26.7": "7.26.7",
    "npm:deobfuscator@*": "2.4.5",
    "npm:obfuscator-io-deobfuscator@*": "1.0.4"
  },
  "jsr": {
    "@std/cli@1.0.11": {
      "integrity": "ec219619fdcd31bcf0d8e53bee1e2706ec9a02f70255365a094f69755dadd340"
    }
  },
  "npm": {
    "@babel/code-frame@7.26.2": {
      "integrity": "sha512-RJlIHRueQgwWitWgF8OdFYGZX328Ax5BCemNGlqHfplnRT9ESi8JkFlvaVYbS+UubVY6dpv87Fs2u5M29iNFVQ==",
      "dependencies": [
        "@babel/helper-validator-identifier",
        "js-tokens",
        "picocolors"
      ]
    },
    "@babel/generator@7.26.5": {
      "integrity": "sha512-2caSP6fN9I7HOe6nqhtft7V4g7/V/gfDsC3Ag4W7kEzzvRGKqiv0pu0HogPiZ3KaVSoNDhUws6IJjDjpfmYIXw==",
      "dependencies": [
        "@babel/parser",
        "@babel/types",
        "@jridgewell/gen-mapping",
        "@jridgewell/trace-mapping",
        "jsesc"
      ]
    },
    "@babel/helper-string-parser@7.25.9": {
      "integrity": "sha512-4A/SCr/2KLd5jrtOMFzaKjVtAei3+2r/NChoBNoZ3EyP/+GlhoaEGoWOZUmFmoITP7zOJyHIMm+DYRd8o3PvHA=="
    },
    "@babel/helper-validator-identifier@7.25.9": {
      "integrity": "sha512-Ed61U6XJc3CVRfkERJWDz4dJwKe7iLmmJsbOGu9wSloNSFttHV0I8g6UAgb7qnK5ly5bGLPd4oXZlxCdANBOWQ=="
    },
    "@babel/parser@7.26.7": {
      "integrity": "sha512-kEvgGGgEjRUutvdVvZhbn/BxVt+5VSpwXz1j3WYXQbXDo8KzFOPNG2GQbdAiNq8g6wn1yKk7C/qrke03a84V+w==",
      "dependencies": [
        "@babel/types"
      ]
    },
    "@babel/template@7.25.9": {
      "integrity": "sha512-9DGttpmPvIxBb/2uwpVo3dqJ+O6RooAFOS+lB+xDqoE2PVCE8nfoHMdZLpfCQRLwvohzXISPZcgxt80xLfsuwg==",
      "dependencies": [
        "@babel/code-frame",
        "@babel/parser",
        "@babel/types"
      ]
    },
    "@babel/traverse@7.26.7": {
      "integrity": "sha512-1x1sgeyRLC3r5fQOM0/xtQKsYjyxmFjaOrLJNtZ81inNjyJHGIolTULPiSc/2qe1/qfpFLisLQYFnnZl7QoedA==",
      "dependencies": [
        "@babel/code-frame",
        "@babel/generator",
        "@babel/parser",
        "@babel/template",
        "@babel/types",
        "debug",
        "globals"
      ]
    },
    "@babel/types@7.26.7": {
      "integrity": "sha512-t8kDRGrKXyp6+tjUh7hw2RLyclsW4TRoRvRHtSyAX9Bb5ldlFh+90YAYY6awRXrlB4G5G2izNeGySpATlFzmOg==",
      "dependencies": [
        "@babel/helper-string-parser",
        "@babel/helper-validator-identifier"
      ]
    },
    "@javascript-obfuscator/escodegen@2.3.0": {
      "integrity": "sha512-QVXwMIKqYMl3KwtTirYIA6gOCiJ0ZDtptXqAv/8KWLG9uQU2fZqTVy7a/A5RvcoZhbDoFfveTxuGxJ5ibzQtkw==",
      "dependencies": [
        "@javascript-obfuscator/estraverse",
        "esprima",
        "esutils",
        "optionator",
        "source-map"
      ]
    },
    "@javascript-obfuscator/estraverse@5.4.0": {
      "integrity": "sha512-CZFX7UZVN9VopGbjTx4UXaXsi9ewoM1buL0kY7j1ftYdSs7p2spv9opxFjHlQ/QGTgh4UqufYqJJ0WKLml7b6w=="
    },
    "@jridgewell/gen-mapping@0.3.8": {
      "integrity": "sha512-imAbBGkb+ebQyxKgzv5Hu2nmROxoDOXHh80evxdoXNOrvAnVx7zimzc1Oo5h9RlfV4vPXaE2iM5pOFbvOCClWA==",
      "dependencies": [
        "@jridgewell/set-array",
        "@jridgewell/sourcemap-codec",
        "@jridgewell/trace-mapping"
      ]
    },
    "@jridgewell/resolve-uri@3.1.2": {
      "integrity": "sha512-bRISgCIjP20/tbWSPWMEi54QVPRZExkuD9lJL+UIxUKtwVJA8wW1Trb1jMs1RFXo1CBTNZ/5hpC9QvmKWdopKw=="
    },
    "@jridgewell/set-array@1.2.1": {
      "integrity": "sha512-R8gLRTZeyp03ymzP/6Lil/28tGeGEzhx1q2k703KGWRAI1VdvPIXdG70VJc2pAMw3NA6JKL5hhFu1sJX0Mnn/A=="
    },
    "@jridgewell/sourcemap-codec@1.5.0": {
      "integrity": "sha512-gv3ZRaISU3fjPAgNsriBRqGWQL6quFx04YMPW/zD8XMLsU32mhCCbfbO6KZFLjvYpCZ8zyDEgqsgf+PwPaM7GQ=="
    },
    "@jridgewell/trace-mapping@0.3.25": {
      "integrity": "sha512-vNk6aEwybGtawWmy/PzwnGDOjCkLWSD2wqvjGGAgOAwCGWySYXfYoxt00IJkTF+8Lb57DwOb3Aa0o9CApepiYQ==",
      "dependencies": [
        "@jridgewell/resolve-uri",
        "@jridgewell/sourcemap-codec"
      ]
    },
    "@types/node@20.17.11": {
      "integrity": "sha512-Ept5glCK35R8yeyIeYlRIZtX6SLRyqMhOFTgj5SOkMpLTdw3SEHI9fHx60xaUZ+V1aJxQJODE+7/j5ocZydYTg==",
      "dependencies": [
        "undici-types"
      ]
    },
    "acorn-loose@8.3.0": {
      "integrity": "sha512-75lAs9H19ldmW+fAbyqHdjgdCrz0pWGXKmnqFoh8PyVd1L2RIb4RzYrSjmopeqv3E1G3/Pimu6GgLlrGbrkF7w==",
      "dependencies": [
        "acorn"
      ]
    },
    "acorn-walk@8.2.0": {
      "integrity": "sha512-k+iyHEuPgSw6SbuDpGQM+06HQUa04DZ3o+F6CSzXMvvI5KMvnaEqXe+YVe555R9nn6GPt404fos4wcgpw12SDA=="
    },
    "acorn@8.7.0": {
      "integrity": "sha512-V/LGr1APy+PXIwKebEWrkZPwoeoF+w1jiOBUmuxuiUIaOHtob8Qc9BTrYo7VuI5fR8tqsy+buA2WFooR5olqvQ=="
    },
    "ansi-regex@5.0.1": {
      "integrity": "sha512-quJQXlTSUGL2LH9SUXo8VwsY4soanhgo6LNSm84E1LBcE8s3O0wpdiRzyR9z/ZZJMlMWv37qOOb9pdJlMUEKFQ=="
    },
    "ansi-styles@4.3.0": {
      "integrity": "sha512-zbB9rCJAT1rbjiVDb2hqKFHNYLxgtk8NURxZ3IZwD3F6NtxbXZQCnnSi1Lkx+IDohdPlFp222wVALIheZJQSEg==",
      "dependencies": [
        "color-convert"
      ]
    },
    "cliui@7.0.4": {
      "integrity": "sha512-OcRE68cOsVMXp1Yvonl/fzkQOyjLSu/8bhPDfQt0e0/Eb283TKP20Fs2MqoPsr9SwA595rRCA+QMzYc9nBP+JQ==",
      "dependencies": [
        "string-width",
        "strip-ansi",
        "wrap-ansi"
      ]
    },
    "color-convert@2.0.1": {
      "integrity": "sha512-RRECPsj7iu/xb5oKYcsFHSppFNnsj/52OVTRKb4zP5onXwVF3zVmmToNcOfGC+CRDpfK/U584fMg38ZHCaElKQ==",
      "dependencies": [
        "color-name"
      ]
    },
    "color-name@1.1.4": {
      "integrity": "sha512-dOy+3AuW3a2wNbZHIuMZpTcgjGuLU/uBL/ubcZF9OXbDo8ff4O8yVp5Bf0efS8uEoYo5q4Fx7dY9OgQGXgAsQA=="
    },
    "commander@12.1.0": {
      "integrity": "sha512-Vw8qHK3bZM9y/P10u3Vib8o/DdkvA2OtPtZvD871QKjy74Wj1WSKFILMPRPSdUSx5RFK1arlJzEtA4PkFgnbuA=="
    },
    "debug@4.4.0": {
      "integrity": "sha512-6WTZ/IxCY/T6BALoZHaE4ctp9xm+Z5kY/pzYaCHRFeyVhojxlrm+46y68HA6hr0TcwEssoxNiDEUJQjfPZ/RYA==",
      "dependencies": [
        "ms"
      ]
    },
    "deep-is@0.1.4": {
      "integrity": "sha512-oIPzksmTg4/MriiaYGO+okXDT7ztn/w3Eptv/+gSIdMdKsJo0u4CfYNFJPy+4SKMuCqGw2wxnA+URMg3t8a/bQ=="
    },
    "deobfuscator@2.4.5": {
      "integrity": "sha512-sNr1O0dIL+aW5jp2kPTndbCQAih7MFaFMsVtUK+sV/R/8/isFq4upVYPOzN/TRtTHyJiHJAH4dxhFGawhTK2GQ==",
      "dependencies": [
        "@javascript-obfuscator/escodegen",
        "acorn",
        "acorn-loose",
        "acorn-walk",
        "eslint-scope",
        "mersenne-twister",
        "yargs"
      ]
    },
    "emoji-regex@8.0.0": {
      "integrity": "sha512-MSjYzcWNOA0ewAHpz0MxpYFvwg6yjy1NG3xteoqz644VCo/RPgnr1/GGt+ic3iJTzQ8Eu3TdM14SawnVUmGE6A=="
    },
    "escalade@3.2.0": {
      "integrity": "sha512-WUj2qlxaQtO4g6Pq5c29GTcWGDyd8itL8zTlipgECz3JesAiiOKotd8JU6otB3PACgG6xkJUyVhboMS+bje/jA=="
    },
    "eslint-scope@7.1.1": {
      "integrity": "sha512-QKQM/UXpIiHcLqJ5AOyIW7XZmzjkzQXYE54n1++wb0u9V/abW3l9uQnxX8Z5Xd18xyKIMTUAyQ0k1e8pz6LUrw==",
      "dependencies": [
        "esrecurse",
        "estraverse"
      ]
    },
    "esprima@4.0.1": {
      "integrity": "sha512-eGuFFw7Upda+g4p+QHvnW0RyTX/SVeJBDM/gCtMARO0cLuT2HcEKnTPvhjV6aGeqrCB/sbNop0Kszm0jsaWU4A=="
    },
    "esrecurse@4.3.0": {
      "integrity": "sha512-KmfKL3b6G+RXvP8N1vr3Tq1kL/oCFgn2NYXEtqP8/L3pKapUA4G8cFVaoF3SU323CD4XypR/ffioHmkti6/Tag==",
      "dependencies": [
        "estraverse"
      ]
    },
    "estraverse@5.3.0": {
      "integrity": "sha512-MMdARuVEQziNTeJD8DgMqmhwR11BRQ/cBP+pLtYdSTnf3MIO8fFeiINEbX36ZdNlfU/7A9f3gUw49B3oQsvwBA=="
    },
    "esutils@2.0.3": {
      "integrity": "sha512-kVscqXk4OCp68SZ0dkgEKVi6/8ij300KBWTJq32P/dYeWTSwK41WyTxalN1eRmA5Z9UU/LX9D7FWSmV9SAYx6g=="
    },
    "fast-levenshtein@2.0.6": {
      "integrity": "sha512-DCXu6Ifhqcks7TZKY3Hxp3y6qphY5SJZmrWMDrKcERSOXWQdMhU9Ig/PYrzyw/ul9jOIyh0N4M0tbC5hodg8dw=="
    },
    "get-caller-file@2.0.5": {
      "integrity": "sha512-DyFP3BM/3YHTQOCUL/w0OZHR0lpKeGrxotcHWcqNEdnltqFwXVfhEBQ94eIo34AfQpo0rGki4cyIiftY06h2Fg=="
    },
    "globals@11.12.0": {
      "integrity": "sha512-WOBp/EEGUiIsJSp7wcv/y6MO+lV9UoncWqxuFfm8eBwzWNgyfBd6Gz+IeKQ9jCmyhoH99g15M3T+QaVHFjizVA=="
    },
    "is-fullwidth-code-point@3.0.0": {
      "integrity": "sha512-zymm5+u+sCsSWyD9qNaejV3DFvhCKclKdizYaJUuHA83RLjb7nSuGnddCHGv0hk+KY7BMAlsWeK4Ueg6EV6XQg=="
    },
    "js-tokens@4.0.0": {
      "integrity": "sha512-RdJUflcE3cUzKiMqQgsCu06FPu9UdIJO0beYbPhHN4k6apgJtifcoCtT9bcxOpYBtpD2kCM6Sbzg4CausW/PKQ=="
    },
    "jsesc@3.1.0": {
      "integrity": "sha512-/sM3dO2FOzXjKQhJuo0Q173wf2KOo8t4I8vHy6lF9poUp7bKT0/NHE8fPX23PwfhnykfqnC2xRxOnVw5XuGIaA=="
    },
    "levn@0.3.0": {
      "integrity": "sha512-0OO4y2iOHix2W6ujICbKIaEQXvFQHue65vUG3pb5EUomzPI90z9hsA1VsO/dbIIpC53J8gxM9Q4Oho0jrCM/yA==",
      "dependencies": [
        "prelude-ls",
        "type-check"
      ]
    },
    "mersenne-twister@1.1.0": {
      "integrity": "sha512-mUYWsMKNrm4lfygPkL3OfGzOPTR2DBlTkBNHM//F6hGp8cLThY897crAlk3/Jo17LEOOjQUrNAx6DvgO77QJkA=="
    },
    "ms@2.1.3": {
      "integrity": "sha512-6FlzubTLZG3J2a/NVCAleEhjzq5oxgHyaCU9yYXvcLsvoVaHJq/s5xXI6/XXP6tz7R9xAOtHnSO/tXtF3WRTlA=="
    },
    "obfuscator-io-deobfuscator@1.0.4": {
      "integrity": "sha512-Msh0tzCgDSlh71ptjVfMY7rQo4takGGR9Trpw+gaAKr7NYeCz+/QfSn19rojQP3cNph2qPjlaiYY0WFcmpeXiw==",
      "dependencies": [
        "@babel/generator",
        "@babel/parser",
        "@babel/traverse",
        "@babel/types",
        "@types/node",
        "commander"
      ]
    },
    "optionator@0.8.3": {
      "integrity": "sha512-+IW9pACdk3XWmmTXG8m3upGUJst5XRGzxMRjXzAuJ1XnIFNvfhjjIuYkDvysnPQ7qzqVzLt78BCruntqRhWQbA==",
      "dependencies": [
        "deep-is",
        "fast-levenshtein",
        "levn",
        "prelude-ls",
        "type-check",
        "word-wrap"
      ]
    },
    "picocolors@1.1.1": {
      "integrity": "sha512-xceH2snhtb5M9liqDsmEw56le376mTZkEX/jEb/RxNFyegNul7eNslCXP9FDj/Lcu0X8KEyMceP2ntpaHrDEVA=="
    },
    "prelude-ls@1.1.2": {
      "integrity": "sha512-ESF23V4SKG6lVSGZgYNpbsiaAkdab6ZgOxe52p7+Kid3W3u3bxR4Vfd/o21dmN7jSt0IwgZ4v5MUd26FEtXE9w=="
    },
    "require-directory@2.1.1": {
      "integrity": "sha512-fGxEI7+wsG9xrvdjsrlmL22OMTTiHRwAMroiEeMgq8gzoLC/PQr7RsRDSTLUg/bZAZtF+TVIkHc6/4RIKrui+Q=="
    },
    "source-map@0.6.1": {
      "integrity": "sha512-UjgapumWlbMhkBgzT7Ykc5YXUT46F0iKu8SGXq0bcwP5dz/h0Plj6enJqjz1Zbq2l5WaqYnrVbwWOWMyF3F47g=="
    },
    "string-width@4.2.3": {
      "integrity": "sha512-wKyQRQpjJ0sIp62ErSZdGsjMJWsap5oRNihHhu6G7JVO/9jIB6UyevL+tXuOqrng8j/cxKTWyWUwvSTriiZz/g==",
      "dependencies": [
        "emoji-regex",
        "is-fullwidth-code-point",
        "strip-ansi"
      ]
    },
    "strip-ansi@6.0.1": {
      "integrity": "sha512-Y38VPSHcqkFrCpFnQ9vuSXmquuv5oXOKpGeT6aGrr3o3Gc9AlVa6JBfUSOCnbxGGZF+/0ooI7KrPuUSztUdU5A==",
      "dependencies": [
        "ansi-regex"
      ]
    },
    "type-check@0.3.2": {
      "integrity": "sha512-ZCmOJdvOWDBYJlzAoFkC+Q0+bUyEOS1ltgp1MGU03fqHG+dbi9tBFU2Rd9QKiDZFAYrhPh2JUf7rZRIuHRKtOg==",
      "dependencies": [
        "prelude-ls"
      ]
    },
    "undici-types@6.19.8": {
      "integrity": "sha512-ve2KP6f/JnbPBFyobGHuerC9g1FYGn/F8n1LWTwNxCEzd6IfqTwUQcNXgEtmmQ6DlRrC1hrSrBnCZPokRrDHjw=="
    },
    "word-wrap@1.2.5": {
      "integrity": "sha512-BN22B5eaMMI9UMtjrGd5g5eCYPpCPDUy0FJXbYsaT5zYxjFOckS53SQDE3pWkVoWpHXVb3BrYcEN4Twa55B5cA=="
    },
    "wrap-ansi@7.0.0": {
      "integrity": "sha512-YVGIj2kamLSTxw6NsZjoBxfSwsn0ycdesmc4p+Q21c5zPuZ1pl+NfxVdxPtdHvmNVOQ6XSYG4AUtyt/Fi7D16Q==",
      "dependencies": [
        "ansi-styles",
        "string-width",
        "strip-ansi"
      ]
    },
    "y18n@5.0.8": {
      "integrity": "sha512-0pfFzegeDWJHJIAmTLRP2DwHjdF5s7jo9tuztdQxAhINCdvS+3nGINqPd00AphqJR/0LhANUS6/+7SCb98YOfA=="
    },
    "yargs-parser@21.1.1": {
      "integrity": "sha512-tVpsJW7DdjecAiFpbIB1e3qxIQsE6NoPc5/eTdrbbIC4h0LVsWhnoa3g+m2HclBIujHzsxZ4VJVA+GUuc2/LBw=="
    },
    "yargs@17.3.1": {
      "integrity": "sha512-WUANQeVgjLbNsEmGk20f+nlHgOqzRFpiGWVaBrYGYIGANIIu3lWjoyi0fNlFmJkvfhCZ6BXINe7/W2O2bV4iaA==",
      "dependencies": [
        "cliui",
        "escalade",
        "get-caller-file",
        "require-directory",
        "string-width",
        "y18n",
        "yargs-parser"
      ]
    }
  },
  "redirects": {
    "https://cdn.skypack.dev/@babel/traverse": "https://cdn.skypack.dev/new/@babel/traverse@v7.26.7/dist=es2019",
    "https://cdn.skypack.dev/new/@babel/traverse@v7.26.7/dist=es2019": "https://cdn.skypack.dev/-/@babel/traverse@v7.26.7-JjVespIYhMWVuBrzszIC/dist=es2019,mode=imports/optimized/@babel/traverse.js",
    "https://cdn.skypack.dev/new/@babel/types@v7.26.7/dist=es2019,mode=imports?from=@babel/types": "https://cdn.skypack.dev/-/@babel/types@v7.26.7-oFcaVF0upBa7eMaeZvxK/dist=es2019,mode=imports/optimized/@babel/types.js"
  },
  "remote": {
    "https://cdn.skypack.dev/-/@babel/code-frame@v7.26.0-FtKAXV9rQFiy8zrCZtw9/dist=es2019,mode=imports/optimized/@babel/code-frame.js": "dba21b78298ce3b5f5df07462bb7826008b5a620f40fdf73e2642d16f5bd28fe",
    "https://cdn.skypack.dev/-/@babel/code-frame@v7.26.2-MLokmXFHDQQGkQOJk9v2/dist=es2019,mode=imports/optimized/@babel/code-frame.js": "9b88f665c1cb9a394773a4d737bd1dc2da7df1c372f2abef9b1f40a16b665543",
    "https://cdn.skypack.dev/-/@babel/generator@v7.26.5-xMyhlELgopxRoVXUoFDJ/dist=es2019,mode=imports/optimized/@babel/generator.js": "bd91090f0825ec63abb4b230c73e37a5be51e8686ca1874aefa23e7eed2e3d9b",
    "https://cdn.skypack.dev/-/@babel/helper-string-parser@v7.25.9-g1W8yEgHpbQYGMak9IKP/dist=es2019,mode=imports/optimized/@babel/helper-string-parser.js": "c8573fbbdbfb85c6cee7c69fee50336fddaefa5085116e6047a9e73a5cb3b75a",
    "https://cdn.skypack.dev/-/@babel/helper-validator-identifier@v7.25.9-8GLo8CpE4dpXFefStUYW/dist=es2019,mode=imports/optimized/@babel/helper-validator-identifier.js": "a27f48b6386611b5f9941de5994e0ead16ea43a27404525a0f4f827e7f84b013",
    "https://cdn.skypack.dev/-/@babel/parser@v7.26.1-jOMPXC9qwxhJXhUvr2ba/dist=es2019,mode=imports/optimized/@babel/parser.js": "25b495a1e6384f693f4b3ca67669e851d445dfa9c9145e42c0f73a720b120221",
    "https://cdn.skypack.dev/-/@babel/parser@v7.26.7-H8gGlCtSnEyUKbYcqgLw/dist=es2019,mode=imports/optimized/@babel/parser.js": "e2173d3db51da15d48e71491dc97cb202af25cf450ce650c6f2a3105e525acc8",
    "https://cdn.skypack.dev/-/@babel/template@v7.25.9-MFrkz3CQMGaAxddyG8fA/dist=es2019,mode=imports/optimized/@babel/template.js": "033798187f86e0faa85c99cb720f3dd76c465792d889af58c3683e31b65f37dd",
    "https://cdn.skypack.dev/-/@babel/traverse@v7.26.7-JjVespIYhMWVuBrzszIC/dist=es2019,mode=imports/optimized/@babel/traverse.js": "7b9e34f0945144011367764b563712640cc844a0da6ecaa16c52baae8222b566",
    "https://cdn.skypack.dev/-/@babel/types@v7.26.0-MPkc7jbIHxpi8rdwSRgg/dist=es2019,mode=imports/optimized/@babel/types.js": "f63c0cea2ffa5f679b2c9011564e62d70762002a6aaff6289e18d054322c39a9",
    "https://cdn.skypack.dev/-/@babel/types@v7.26.5-z4FFjYUkGblVUDzM8L6l/dist=es2019,mode=imports/optimized/@babel/types.js": "d8a6cb00a05738ddee6b57baabfbf1e58f6bb81faadb27730a4d73862aac5349",
    "https://cdn.skypack.dev/-/@babel/types@v7.26.7-oFcaVF0upBa7eMaeZvxK/dist=es2019,mode=imports/optimized/@babel/types.js": "998714ba27901dd195936163ed267c8106d84f63819d2c69481b05717bf1c7c1",
    "https://cdn.skypack.dev/-/@jridgewell/gen-mapping@v0.3.8-C4BZkm4TyKqs05wQZH1H/dist=es2019,mode=imports/optimized/@jridgewell/gen-mapping.js": "89e7ad9cc6033c0231aef0c9e52eef896a96842ba11b685c1586f9dcecd143b4",
    "https://cdn.skypack.dev/-/@jridgewell/resolve-uri@v3.1.2-Q2vHOeUWhJ6vyx5pZsmo/dist=es2019,mode=imports/optimized/@jridgewell/resolve-uri.js": "a53161784840b57796b33a046be413b4e032db299f05adb591767e0530b13260",
    "https://cdn.skypack.dev/-/@jridgewell/set-array@v1.2.1-RpJFsxFGXdxkNhyZaHCb/dist=es2019,mode=imports/optimized/@jridgewell/set-array.js": "a3fae539255f6cc7867b9daeadab3c814e62883c12cb490afde9f841904a878a",
    "https://cdn.skypack.dev/-/@jridgewell/sourcemap-codec@v1.4.15-ByLfhN3wDAxoXUe9LZJl/dist=es2019,mode=imports/optimized/@jridgewell/sourcemap-codec.js": "e856f371b31003d6f775f8fc0df5d5c3fc63c9ec2f7577f6ab67db4dc33684c4",
    "https://cdn.skypack.dev/-/@jridgewell/sourcemap-codec@v1.5.0-JtXE4lwvkEKOz3cC8wKL/dist=es2019,mode=imports/optimized/@jridgewell/sourcemap-codec.js": "9727ddc92bdea7ecfab91baac12f00ff0db69c0bf30c2deb98cb3ef3e0259b2d",
    "https://cdn.skypack.dev/-/@jridgewell/trace-mapping@v0.3.25-xFmOIT81uaY1P7FZTVBS/dist=es2019,mode=imports/optimized/@jridgewell/trace-mapping.js": "0a5bf3a1244aeff2f935aa70a2ed6e25823df2f29805c5a849bb540296106f66",
    "https://cdn.skypack.dev/-/debug@v4.4.0-sFNufhhAjhtJQqr5zWiU/dist=es2019,mode=imports/optimized/debug.js": "bbbea7fedf5b6d7eabf399e685d48657c06dc31e0b65a09f6d7679f268e33057",
    "https://cdn.skypack.dev/-/globals@v11.12.0-EuxArogkrKZhxjvSqTWj/dist=es2019,mode=imports/optimized/globals.js": "176c5a0bfba3545fbbafda34edadb4db7526a116b41e1b859ce0f741f815f9c3",
    "https://cdn.skypack.dev/-/js-tokens@v4.0.0-OJ5evu99DwoXozvuFE3S/dist=es2019,mode=imports/optimized/js-tokens.js": "7b476e93fcdeddfa87e118e56fdea9a9c1507eacb882482dad8d6bc443ba4a06",
    "https://cdn.skypack.dev/-/jsesc@v3.1.0-9XKTmsBKbfP8N0RjWF0Z/dist=es2019,mode=imports/optimized/jsesc.js": "57a2c5dbef9181a2b931fccd8557c0b3039349240145d86882276ce90585538f",
    "https://cdn.skypack.dev/-/ms@v2.1.3-dWyghJmVCt8Lp5D9h2ww/dist=es2019,mode=imports/optimized/ms.js": "fd88e2d51900437011f1ad232f3393ce97db1b87a7844b3c58dd6d65562c1276",
    "https://cdn.skypack.dev/-/picocolors@v1.1.1-3oTo0Q0QHpCgy8yh3k5z/dist=es2019,mode=imports/optimized/picocolors.js": "d1566dcdc8202a0d4999c821ed133e68d5d7e212b0e1e4228cdcc97f2c4a18e2",
    "https://cdn.skypack.dev/@babel/generator": "fa0402a1c8a82909e7213bac6040dd638e6d742e315a121b06736c9b8ddb70dd",
    "https://cdn.skypack.dev/@babel/parser": "bbb1df434cc471b064cdfce3c5c09ee5e9ca51997871f2cd07c16e827111c864"
  },
  "workspace": {
    "dependencies": [
      "jsr:@std/cli@^1.0.11",
      "npm:@babel/generator@^7.26.5",
      "npm:@babel/parser@^7.26.7",
      "npm:@babel/traverse@^7.26.7",
      "npm:@babel/types@^7.26.7"
    ]
  }
}
